# This is a Gradle generated file for dependency locking.
# Manual edits can break the build and are not advised.
# This file is expected to be part of source control.
# To regenerate this file, run: ./gradlew :mod-common:dependencies --write-locks
at.yawk.lz4:lz4-java:1.10.1=architecturyTransformerClasspath,compileClasspath,minecraftLibraries,minecraftNamedCompile,minecraftNamedRuntime,minecraftRuntimeLibraries,minecraftServerLibraries,minecraftServerRuntimeLibraries,runtimeClasspath,testCompileClasspath,testRuntimeClasspath
com.azure:azure-json:1.4.0=architecturyTransformerClasspath,compileClasspath,minecraftLibraries,minecraftNamedCompile,minecraftNamedRuntime,minecraftRuntimeLibraries,minecraftServerLibraries,minecraftServerRuntimeLibraries,runtimeClasspath,testCompileClasspath,testRuntimeClasspath
com.charleskorn.kaml:kaml-jvm:0.104.0=architecturyTransformerClasspath,compileClasspath,mainCompileDependencyResolve,mainRuntimeDependencyResolve,runtimeClasspath,testCompileClasspath,testRuntimeClasspath
com.charleskorn.kaml:kaml:0.104.0=architecturyTransformerClasspath,compileClasspath,mainCompileDependencyResolve,mainRuntimeDependencyResolve,runtimeClasspath,testCompileClasspath,testRuntimeClasspath
com.cronutils:cron-utils:9.2.1=architecturyTransformerClasspath,compileClasspath,mainCompileDependencyResolve,mainRuntimeDependencyResolve,runtimeClasspath,testCompileClasspath,testRuntimeClasspath
com.github.oshi:oshi-core:6.9.0=architecturyTransformerClasspath,compileClasspath,minecraftLibraries,minecraftNamedCompile,minecraftNamedRuntime,minecraftRuntimeLibraries,minecraftServerLibraries,minecraftServerRuntimeLibraries,runtimeClasspath,testCompileClasspath,testRuntimeClasspath
com.google.auto.service:auto-service-annotations:1.1.1=compileClasspath,testCompileClasspath
com.google.code.gson:gson:2.13.2=architecturyTransformerClasspath,compileClasspath,minecraftLibraries,minecraftNamedCompile,minecraftNamedRuntime,minecraftRuntimeLibraries,minecraftServerLibraries,minecraftServerRuntimeLibraries,runtimeClasspath,testCompileClasspath,testRuntimeClasspath
com.google.guava:failureaccess:1.0.3=architecturyTransformerClasspath,compileClasspath,minecraftLibraries,minecraftNamedCompile,minecraftNamedRuntime,minecraftRuntimeLibraries,minecraftServerLibraries,minecraftServerRuntimeLibraries,runtimeClasspath,testCompileClasspath,testRuntimeClasspath
com.google.guava:guava:33.5.0-jre=architecturyTransformerClasspath,compileClasspath,minecraftLibraries,minecraftNamedCompile,minecraftNamedRuntime,minecraftRuntimeLibraries,minecraftServerLibraries,minecraftServerRuntimeLibraries,runtimeClasspath,testCompileClasspath,testRuntimeClasspath
com.microsoft.azure:msal4j:1.23.1=architecturyTransformerClasspath,compileClasspath,minecraftLibraries,minecraftNamedCompile,minecraftNamedRuntime,minecraftRuntimeLibraries,minecraftServerLibraries,minecraftServerRuntimeLibraries,runtimeClasspath,testCompileClasspath,testRuntimeClasspath
com.mojang:authlib:7.0.63=architecturyTransformerClasspath,compileClasspath,minecraftLibraries,minecraftNamedCompile,minecraftNamedRuntime,minecraftRuntimeLibraries,minecraftServerLibraries,minecraftServerRuntimeLibraries,runtimeClasspath,testCompileClasspath,testRuntimeClasspath
com.mojang:brigadier:1.3.10=architecturyTransformerClasspath,compileClasspath,minecraftLibraries,minecraftNamedCompile,minecraftNamedRuntime,minecraftRuntimeLibraries,minecraftServerLibraries,minecraftServerRuntimeLibraries,runtimeClasspath,testCompileClasspath,testRuntimeClasspath
com.mojang:datafixerupper:9.0.19=architecturyTransformerClasspath,compileClasspath,minecraftLibraries,minecraftNamedCompile,minecraftNamedRuntime,minecraftRuntimeLibraries,minecraftServerLibraries,minecraftServerRuntimeLibraries,runtimeClasspath,testCompileClasspath,testRuntimeClasspath
com.mojang:jtracy:1.0.37=architecturyTransformerClasspath,compileClasspath,minecraftLibraries,minecraftNamedCompile,minecraftNamedRuntime,minecraftRuntimeLibraries,minecraftServerLibraries,minecraftServerRuntimeLibraries,runtimeClasspath,testCompileClasspath,testRuntimeClasspath
com.mojang:logging:1.6.11=architecturyTransformerClasspath,compileClasspath,minecraftLibraries,minecraftNamedCompile,minecraftNamedRuntime,minecraftRuntimeLibraries,minecraftServerLibraries,minecraftServerRuntimeLibraries,runtimeClasspath,testCompileClasspath,testRuntimeClasspath
com.squareup.okio:okio-jvm:3.16.4=architecturyTransformerClasspath,mainCompileDependencyResolve,mainRuntimeDependencyResolve,runtimeClasspath,testRuntimeClasspath
com.squareup.okio:okio:3.16.4=architecturyTransformerClasspath,mainCompileDependencyResolve,mainRuntimeDependencyResolve,runtimeClasspath,testRuntimeClasspath
commons-io:commons-io:2.20.0=architecturyTransformerClasspath,compileClasspath,minecraftLibraries,minecraftNamedCompile,minecraftNamedRuntime,minecraftRuntimeLibraries,minecraftServerLibraries,minecraftServerRuntimeLibraries,runtimeClasspath,testCompileClasspath,testRuntimeClasspath
dev.architectury:architectury-injectables:1.0.10=architecturyTransformerClasspath,compileClasspath,mainCompileDependencyResolve
dev.architectury:architectury:20.1.16=architecturyTransformerClasspath,compileClasspath,mainCompileDependencyResolve,mainRuntimeDependencyResolve,runtimeClasspath,testCompileClasspath,testRuntimeClasspath
io.github.llamalad7:mixinextras-fabric:0.5.5=architecturyTransformerClasspath,compileClasspath,loaderLibraries,minecraftNamedCompile,minecraftNamedRuntime,minecraftTestClientRuntimeLibraries,runtimeClasspath,testCompileClasspath,testRuntimeClasspath
io.netty:netty-buffer:4.2.7.Final=architecturyTransformerClasspath,compileClasspath,minecraftLibraries,minecraftNamedCompile,minecraftNamedRuntime,minecraftRuntimeLibraries,minecraftServerLibraries,minecraftServerRuntimeLibraries,runtimeClasspath,testCompileClasspath,testRuntimeClasspath
io.netty:netty-codec-base:4.2.7.Final=architecturyTransformerClasspath,compileClasspath,minecraftLibraries,minecraftNamedCompile,minecraftNamedRuntime,minecraftRuntimeLibraries,minecraftServerLibraries,minecraftServerRuntimeLibraries,runtimeClasspath,testCompileClasspath,testRuntimeClasspath
io.netty:netty-codec-compression:4.2.7.Final=architecturyTransformerClasspath,compileClasspath,minecraftLibraries,minecraftNamedCompile,minecraftNamedRuntime,minecraftRuntimeLibraries,minecraftServerLibraries,minecraftServerRuntimeLibraries,runtimeClasspath,testCompileClasspath,testRuntimeClasspath
io.netty:netty-codec-http:4.2.7.Final=architecturyTransformerClasspath,compileClasspath,minecraftLibraries,minecraftNamedCompile,minecraftNamedRuntime,minecraftRuntimeLibraries,minecraftServerLibraries,minecraftServerRuntimeLibraries,runtimeClasspath,testCompileClasspath,testRuntimeClasspath
io.netty:netty-common:4.2.7.Final=architecturyTransformerClasspath,compileClasspath,minecraftLibraries,minecraftNamedCompile,minecraftNamedRuntime,minecraftRuntimeLibraries,minecraftServerLibraries,minecraftServerRuntimeLibraries,runtimeClasspath,testCompileClasspath,testRuntimeClasspath
io.netty:netty-handler:4.2.7.Final=architecturyTransformerClasspath,compileClasspath,minecraftLibraries,minecraftNamedCompile,minecraftNamedRuntime,minecraftRuntimeLibraries,minecraftServerLibraries,minecraftServerRuntimeLibraries,runtimeClasspath,testCompileClasspath,testRuntimeClasspath
io.netty:netty-resolver:4.2.7.Final=architecturyTransformerClasspath,compileClasspath,minecraftLibraries,minecraftNamedCompile,minecraftNamedRuntime,minecraftRuntimeLibraries,minecraftServerLibraries,minecraftServerRuntimeLibraries,runtimeClasspath,testCompileClasspath,testRuntimeClasspath
io.netty:netty-transport-classes-epoll:4.2.7.Final=architecturyTransformerClasspath,compileClasspath,minecraftLibraries,minecraftNamedCompile,minecraftNamedRuntime,minecraftRuntimeLibraries,minecraftServerLibraries,minecraftServerRuntimeLibraries,runtimeClasspath,testCompileClasspath,testRuntimeClasspath
io.netty:netty-transport-classes-kqueue:4.2.7.Final=architecturyTransformerClasspath,compileClasspath,minecraftLibraries,minecraftNamedCompile,minecraftNamedRuntime,minecraftRuntimeLibraries,minecraftServerLibraries,minecraftServerRuntimeLibraries,runtimeClasspath,testCompileClasspath,testRuntimeClasspath
io.netty:netty-transport-native-epoll:4.2.7.Final=architecturyTransformerClasspath,compileClasspath,minecraftLibraries,minecraftNamedCompile,minecraftNamedRuntime,minecraftRuntimeLibraries,minecraftServerLibraries,minecraftServerRuntimeLibraries,runtimeClasspath,testCompileClasspath,testRuntimeClasspath
io.netty:netty-transport-native-kqueue:4.2.7.Final=architecturyTransformerClasspath,compileClasspath,minecraftLibraries,minecraftNamedCompile,minecraftNamedRuntime,minecraftRuntimeLibraries,minecraftServerLibraries,minecraftServerRuntimeLibraries,runtimeClasspath,testCompileClasspath,testRuntimeClasspath
io.netty:netty-transport-native-unix-common:4.2.7.Final=architecturyTransformerClasspath,compileClasspath,minecraftLibraries,minecraftNamedCompile,minecraftNamedRuntime,minecraftRuntimeLibraries,minecraftServerLibraries,minecraftServerRuntimeLibraries,runtimeClasspath,testCompileClasspath,testRuntimeClasspath
io.netty:netty-transport:4.2.7.Final=architecturyTransformerClasspath,compileClasspath,minecraftLibraries,minecraftNamedCompile,minecraftNamedRuntime,minecraftRuntimeLibraries,minecraftServerLibraries,minecraftServerRuntimeLibraries,runtimeClasspath,testCompileClasspath,testRuntimeClasspath
it.krzeminski:snakeyaml-engine-kmp-jvm:4.0.1=architecturyTransformerClasspath,mainCompileDependencyResolve,mainRuntimeDependencyResolve,runtimeClasspath,testRuntimeClasspath
it.krzeminski:snakeyaml-engine-kmp:4.0.1=architecturyTransformerClasspath,mainCompileDependencyResolve,mainRuntimeDependencyResolve,runtimeClasspath,testRuntimeClasspath
it.unimi.dsi:fastutil:8.5.18=architecturyTransformerClasspath,compileClasspath,minecraftLibraries,minecraftNamedCompile,minecraftNamedRuntime,minecraftRuntimeLibraries,minecraftServerLibraries,minecraftServerRuntimeLibraries,runtimeClasspath,testCompileClasspath,testRuntimeClasspath
net.fabricmc:cfr:0.2.2=cfrDecompilerClasspath
net.fabricmc:dev-launch-injector:0.2.1+build.8=loomDevelopmentDependencies,minecraftNamedRuntime,runtimeClasspath,testRuntimeClasspath
net.fabricmc:fabric-loader:0.19.5=architecturyTransformerClasspath,compileClasspath,mainCompileDependencyResolve,mainRuntimeDependencyResolve,runtimeClasspath,testRuntimeClasspath
net.fabricmc:fabric-log4j-util:1.0.2=loomDevelopmentDependencies,minecraftNamedRuntime,runtimeClasspath,testRuntimeClasspath
net.fabricmc:sponge-mixin:0.17.4+mixin.0.8.7=architecturyTransformerClasspath,compileClasspath,loaderLibraries,minecraftNamedCompile,minecraftNamedRuntime,minecraftTestClientRuntimeLibraries,runtimeClasspath,testCompileClasspath,testRuntimeClasspath
net.java.dev.jna:jna-platform:5.17.0=architecturyTransformerClasspath,compileClasspath,minecraftLibraries,minecraftNamedCompile,minecraftNamedRuntime,minecraftRuntimeLibraries,minecraftServerLibraries,minecraftServerRuntimeLibraries,runtimeClasspath,testCompileClasspath,testRuntimeClasspath
net.java.dev.jna:jna:5.17.0=architecturyTransformerClasspath,compileClasspath,minecraftLibraries,minecraftNamedCompile,minecraftNamedRuntime,minecraftRuntimeLibraries,minecraftServerLibraries,minecraftServerRuntimeLibraries,runtimeClasspath,testCompileClasspath,testRuntimeClasspath
net.kyori:adventure-api:4.26.1=architecturyTransformerClasspath,compileClasspath,mainCompileDependencyResolve,mainRuntimeDependencyResolve,runtimeClasspath,testCompileClasspath,testRuntimeClasspath
net.kyori:adventure-bom:4.26.1=architecturyTransformerClasspath,compileClasspath,mainCompileDependencyResolve,mainRuntimeDependencyResolve,runtimeClasspath,testCompileClasspath,testRuntimeClasspath
net.kyori:adventure-key:4.26.1=architecturyTransformerClasspath,compileClasspath,mainCompileDependencyResolve,mainRuntimeDependencyResolve,runtimeClasspath,testCompileClasspath,testRuntimeClasspath
net.kyori:adventure-text-minimessage:4.26.1=architecturyTransformerClasspath,compileClasspath,mainCompileDependencyResolve,mainRuntimeDependencyResolve,runtimeClasspath,testCompileClasspath,testRuntimeClasspath
net.kyori:adventure-text-serializer-commons:4.26.1=architecturyTransformerClasspath,mainCompileDependencyResolve,mainRuntimeDependencyResolve,runtimeClasspath,testRuntimeClasspath
net.kyori:adventure-text-serializer-gson:4.26.1=architecturyTransformerClasspath,compileClasspath,mainCompileDependencyResolve,mainRuntimeDependencyResolve,runtimeClasspath,testCompileClasspath,testRuntimeClasspath
net.kyori:adventure-text-serializer-json:4.26.1=architecturyTransformerClasspath,compileClasspath,mainCompileDependencyResolve,mainRuntimeDependencyResolve,runtimeClasspath,testCompileClasspath,testRuntimeClasspath
net.kyori:adventure-text-serializer-plain:4.26.1=architecturyTransformerClasspath,compileClasspath,mainCompileDependencyResolve,mainRuntimeDependencyResolve,runtimeClasspath,testCompileClasspath,testRuntimeClasspath
net.kyori:examination-api:1.3.0=architecturyTransformerClasspath,compileClasspath,mainCompileDependencyResolve,mainRuntimeDependencyResolve,runtimeClasspath,testCompileClasspath,testRuntimeClasspath
net.kyori:examination-string:1.3.0=architecturyTransformerClasspath,compileClasspath,mainCompileDependencyResolve,mainRuntimeDependencyResolve,runtimeClasspath,testCompileClasspath,testRuntimeClasspath
net.kyori:option:1.1.0=architecturyTransformerClasspath,compileClasspath,mainCompileDependencyResolve,mainRuntimeDependencyResolve,runtimeClasspath,testCompileClasspath,testRuntimeClasspath
net.minecraft:minecraft-server-deobf:26.1.2=architecturyTransformerClasspath,compileClasspath,minecraftNamedCompile,minecraftNamedRuntime,runtimeClasspath,testCompileClasspath,testRuntimeClasspath
net.sf.jopt-simple:jopt-simple:5.0.4=architecturyTransformerClasspath,compileClasspath,minecraftLibraries,minecraftNamedCompile,minecraftNamedRuntime,minecraftRuntimeLibraries,minecraftServerLibraries,minecraftServerRuntimeLibraries,runtimeClasspath,testCompileClasspath,testRuntimeClasspath
net.thauvin.erik.urlencoder:urlencoder-lib-jvm:1.6.0=architecturyTransformerClasspath,mainCompileDependencyResolve,mainRuntimeDependencyResolve,runtimeClasspath,testRuntimeClasspath
net.thauvin.erik.urlencoder:urlencoder-lib:1.6.0=architecturyTransformerClasspath,mainCompileDependencyResolve,mainRuntimeDependencyResolve,runtimeClasspath,testRuntimeClasspath
org.apache.commons:commons-lang3:3.19.0=architecturyTransformerClasspath,compileClasspath,minecraftLibraries,minecraftNamedCompile,minecraftNamedRuntime,minecraftRuntimeLibraries,minecraftServerLibraries,minecraftServerRuntimeLibraries,runtimeClasspath,testCompileClasspath,testRuntimeClasspath
org.apache.logging.log4j:log4j-api:2.25.2=architecturyTransformerClasspath,compileClasspath,minecraftLibraries,minecraftNamedCompile,minecraftNamedRuntime,minecraftRuntimeLibraries,minecraftServerLibraries,minecraftServerRuntimeLibraries,runtimeClasspath,testCompileClasspath,testRuntimeClasspath
org.apache.logging.log4j:log4j-core:2.25.2=architecturyTransformerClasspath,compileClasspath,minecraftLibraries,minecraftNamedCompile,minecraftNamedRuntime,minecraftRuntimeLibraries,minecraftServerLibraries,minecraftServerRuntimeLibraries,runtimeClasspath,testCompileClasspath,testRuntimeClasspath
org.apache.logging.log4j:log4j-slf4j2-impl:2.25.2=architecturyTransformerClasspath,compileClasspath,minecraftLibraries,minecraftNamedCompile,minecraftNamedRuntime,minecraftRuntimeLibraries,minecraftServerLibraries,minecraftServerRuntimeLibraries,runtimeClasspath,testCompileClasspath,testRuntimeClasspath
org.apiguardian:apiguardian-api:1.1.2=testCompileClasspath
org.jetbrains.kotlin:kotlin-build-tools-api:2.4.0=kotlinAbiValidationCompatClasspath
org.jetbrains.kotlin:kotlin-build-tools-api:2.4.10=kotlinBuildToolsApiClasspath,kotlinCompilerClasspath,kotlinKlibCommonizerClasspath
org.jetbrains.kotlin:kotlin-build-tools-compat:2.4.10=kotlinAbiValidationCompatClasspath,kotlinBuildToolsApiClasspath,kotlinCompilerClasspath
org.jetbrains.kotlin:kotlin-build-tools-cri-impl:2.4.0=kotlinAbiValidationCompatClasspath
org.jetbrains.kotlin:kotlin-build-tools-cri-impl:2.4.10=kotlinBuildToolsApiClasspath,kotlinCompilerClasspath
org.jetbrains.kotlin:kotlin-build-tools-impl:2.4.0=kotlinAbiValidationCompatClasspath
org.jetbrains.kotlin:kotlin-build-tools-impl:2.4.10=kotlinBuildToolsApiClasspath,kotlinCompilerClasspath
org.jetbrains.kotlin:kotlin-compiler-embeddable:2.4.0=kotlinAbiValidationCompatClasspath
org.jetbrains.kotlin:kotlin-compiler-embeddable:2.4.10=kotlinBuildToolsApiClasspath,kotlinCompilerClasspath,kotlinKlibCommonizerClasspath
org.jetbrains.kotlin:kotlin-compiler-runner:2.4.0=kotlinAbiValidationCompatClasspath
org.jetbrains.kotlin:kotlin-compiler-runner:2.4.10=kotlinBuildToolsApiClasspath,kotlinCompilerClasspath
org.jetbrains.kotlin:kotlin-daemon-client:2.4.0=kotlinAbiValidationCompatClasspath
org.jetbrains.kotlin:kotlin-daemon-client:2.4.10=kotlinBuildToolsApiClasspath,kotlinCompilerClasspath
org.jetbrains.kotlin:kotlin-daemon-embeddable:2.4.0=kotlinAbiValidationCompatClasspath
org.jetbrains.kotlin:kotlin-daemon-embeddable:2.4.10=kotlinBuildToolsApiClasspath,kotlinCompilerClasspath,kotlinKlibCommonizerClasspath
org.jetbrains.kotlin:kotlin-klib-commonizer-embeddable:2.4.10=kotlinKlibCommonizerClasspath
org.jetbrains.kotlin:kotlin-reflect:1.6.10=kotlinAbiValidationCompatClasspath,kotlinBuildToolsApiClasspath,kotlinCompilerClasspath,kotlinKlibCommonizerClasspath
org.jetbrains.kotlin:kotlin-script-runtime:2.4.0=kotlinAbiValidationCompatClasspath
org.jetbrains.kotlin:kotlin-script-runtime:2.4.10=kotlinBuildToolsApiClasspath,kotlinCompilerClasspath,kotlinCompilerPluginClasspathMain,kotlinCompilerPluginClasspathTest,kotlinKlibCommonizerClasspath
org.jetbrains.kotlin:kotlin-scripting-common:2.4.10=kotlinCompilerPluginClasspathMain,kotlinCompilerPluginClasspathTest
org.jetbrains.kotlin:kotlin-scripting-compiler-embeddable:2.4.10=kotlinCompilerPluginClasspathMain,kotlinCompilerPluginClasspathTest
org.jetbrains.kotlin:kotlin-scripting-compiler-impl-embeddable:2.4.10=kotlinCompilerPluginClasspathMain,kotlinCompilerPluginClasspathTest
org.jetbrains.kotlin:kotlin-scripting-jvm:2.4.10=kotlinCompilerPluginClasspathMain,kotlinCompilerPluginClasspathTest
org.jetbrains.kotlin:kotlin-serialization-compiler-plugin-embeddable:2.4.10=kotlinCompilerPluginClasspathMain,kotlinCompilerPluginClasspathTest
org.jetbrains.kotlin:kotlin-stdlib:2.4.0=kotlinAbiValidationCompatClasspath
org.jetbrains.kotlin:kotlin-stdlib:2.4.10=architecturyTransformerClasspath,compileClasspath,kotlinBuildToolsApiClasspath,kotlinCompilerClasspath,kotlinCompilerPluginClasspathMain,kotlinCompilerPluginClasspathTest,kotlinKlibCommonizerClasspath,mainCompileDependencyResolve,mainRuntimeDependencyResolve,runtimeClasspath,testCompileClasspath,testRuntimeClasspath
org.jetbrains.kotlin:kotlin-test-junit5:2.4.10=testCompileClasspath,testRuntimeClasspath
org.jetbrains.kotlin:kotlin-test:2.4.10=testCompileClasspath,testRuntimeClasspath
org.jetbrains.kotlin:kotlin-tooling-core:2.4.10=kotlinAbiValidationCompatClasspath,kotlinBuildToolsApiClasspath,kotlinCompilerClasspath
org.jetbrains.kotlinx:kotlinx-coroutines-core-jvm:1.8.0=kotlinAbiValidationCompatClasspath,kotlinBuildToolsApiClasspath,kotlinCompilerClasspath,kotlinKlibCommonizerClasspath
org.jetbrains.kotlinx:kotlinx-serialization-bom:1.11.0=architecturyTransformerClasspath,compileClasspath,mainCompileDependencyResolve,mainRuntimeDependencyResolve,runtimeClasspath,testCompileClasspath,testRuntimeClasspath
org.jetbrains.kotlinx:kotlinx-serialization-core-jvm:1.11.0=architecturyTransformerClasspath,compileClasspath,mainCompileDependencyResolve,mainRuntimeDependencyResolve,runtimeClasspath,testCompileClasspath,testRuntimeClasspath
org.jetbrains.kotlinx:kotlinx-serialization-core:1.11.0=architecturyTransformerClasspath,compileClasspath,mainCompileDependencyResolve,mainRuntimeDependencyResolve,runtimeClasspath,testCompileClasspath,testRuntimeClasspath
org.jetbrains.kotlinx:kotlinx-serialization-json-jvm:1.11.0=architecturyTransformerClasspath,compileClasspath,mainCompileDependencyResolve,mainRuntimeDependencyResolve,runtimeClasspath,testCompileClasspath,testRuntimeClasspath
org.jetbrains.kotlinx:kotlinx-serialization-json:1.11.0=architecturyTransformerClasspath,compileClasspath,mainCompileDependencyResolve,mainRuntimeDependencyResolve,runtimeClasspath,testCompileClasspath,testRuntimeClasspath
org.jetbrains:annotations:13.0=kotlinAbiValidationCompatClasspath,kotlinBuildToolsApiClasspath,kotlinCompilerClasspath,kotlinCompilerPluginClasspathMain,kotlinCompilerPluginClasspathTest,kotlinKlibCommonizerClasspath,mainRuntimeDependencyResolve,runtimeClasspath,testRuntimeClasspath
org.jetbrains:annotations:26.0.2=architecturyTransformerClasspath,mainCompileDependencyResolve
org.jetbrains:annotations:26.0.2-1=compileClasspath,testCompileClasspath
org.joml:joml:1.10.8=architecturyTransformerClasspath,compileClasspath,minecraftLibraries,minecraftNamedCompile,minecraftNamedRuntime,minecraftRuntimeLibraries,minecraftServerLibraries,minecraftServerRuntimeLibraries,runtimeClasspath,testCompileClasspath,testRuntimeClasspath
org.jspecify:jspecify:1.0.0=architecturyTransformerClasspath,compileClasspath,minecraftLibraries,minecraftNamedCompile,minecraftNamedRuntime,minecraftRuntimeLibraries,minecraftServerLibraries,minecraftServerRuntimeLibraries,runtimeClasspath,testCompileClasspath,testRuntimeClasspath
org.junit.jupiter:junit-jupiter-api:5.10.1=testCompileClasspath,testRuntimeClasspath
org.junit.jupiter:junit-jupiter-engine:5.10.1=testRuntimeClasspath
org.junit.platform:junit-platform-commons:1.10.1=testCompileClasspath,testRuntimeClasspath
org.junit.platform:junit-platform-engine:1.10.1=testRuntimeClasspath
org.junit.platform:junit-platform-launcher:1.10.1=testRuntimeClasspath
org.junit:junit-bom:5.10.1=testCompileClasspath,testRuntimeClasspath
org.opentest4j:opentest4j:1.3.0=testCompileClasspath,testRuntimeClasspath
org.ow2.asm:asm-analysis:9.10.1=architecturyTransformerClasspath,compileClasspath,loaderLibraries,minecraftNamedCompile,minecraftNamedRuntime,minecraftTestClientRuntimeLibraries,runtimeClasspath,testCompileClasspath,testRuntimeClasspath
org.ow2.asm:asm-commons:9.10.1=architecturyTransformerClasspath,compileClasspath,loaderLibraries,minecraftNamedCompile,minecraftNamedRuntime,minecraftTestClientRuntimeLibraries,runtimeClasspath,testCompileClasspath,testRuntimeClasspath
org.ow2.asm:asm-tree:9.10.1=architecturyTransformerClasspath,compileClasspath,loaderLibraries,minecraftNamedCompile,minecraftNamedRuntime,minecraftTestClientRuntimeLibraries,runtimeClasspath,testCompileClasspath,testRuntimeClasspath
org.ow2.asm:asm-util:9.10.1=architecturyTransformerClasspath,compileClasspath,loaderLibraries,minecraftNamedCompile,minecraftNamedRuntime,minecraftTestClientRuntimeLibraries,runtimeClasspath,testCompileClasspath,testRuntimeClasspath
org.ow2.asm:asm:9.10.1=architecturyTransformerClasspath,compileClasspath,loaderLibraries,minecraftNamedCompile,minecraftNamedRuntime,minecraftTestClientRuntimeLibraries,runtimeClasspath,testCompileClasspath,testRuntimeClasspath
org.slf4j:slf4j-api:2.0.17=architecturyTransformerClasspath,compileClasspath,minecraftLibraries,minecraftNamedCompile,minecraftNamedRuntime,minecraftRuntimeLibraries,minecraftServerLibraries,minecraftServerRuntimeLibraries,runtimeClasspath,testCompileClasspath,testRuntimeClasspath
org.slf4j:slf4j-api:2.0.7=mainCompileDependencyResolve,mainRuntimeDependencyResolve
org.vineflower:vineflower:1.12.0=vineflowerDecompilerClasspath
org.yaml:snakeyaml:2.2=architecturyTransformerClasspath,mainCompileDependencyResolve,mainRuntimeDependencyResolve,runtimeClasspath,testRuntimeClasspath
empty=annotationProcessor,implementationDependenciesMetadata,includeInternal,kotlinCompilerPluginClasspath,kotlinNativeCompilerPluginClasspath,kotlinScriptDefExtensions,localRuntime,minecraftClientLibraries,minecraftClientRuntimeLibraries,minecraftNatives,modCompileClasspath,modCompileClasspathMapped,productionRuntimeMods,testAnnotationProcessor,testImplementationDependenciesMetadata,testKotlinScriptDefExtensions,transformProductionFabric,transformProductionNeoForge
